
Microsoft Visual Studio Solution File, Format Version 12.00
# Visual Studio Version 17
VisualStudioVersion = 17.13.35828.75 d17.13
MinimumVisualStudioVersion = 10.0.40219.1
Project("{FAE04EC0-301F-11D3-BF4B-00C04F79EFBC}") = "UWPapp", "UWPapp.csproj", "{A049A376-212B-4A04-8669-1D3347BCC263}"
EndProject
Global
	GlobalSection(SolutionConfigurationPlatforms) = preSolution
		Debug|Any CPU = Debug|Any CPU
		Release|Any CPU = Release|Any CPU
	EndGlobalSection
	GlobalSection(ProjectConfigurationPlatforms) = postSolution
		{A049A376-212B-4A04-8669-1D3347BCC263}.Debug|Any CPU.ActiveCfg = Debug|Any CPU
		{A049A376-212B-4A04-8669-1D3347BCC263}.Debug|Any CPU.Build.0 = Debug|Any CPU
		{A049A376-212B-4A04-8669-1D3347BCC263}.Release|Any CPU.ActiveCfg = Release|Any CPU
		{A049A376-212B-4A04-8669-1D3347BCC263}.Release|Any CPU.Build.0 = Release|Any CPU
	EndGlobalSection
	GlobalSection(SolutionProperties) = preSolution
		HideSolutionNode = FALSE
	EndGlobalSection
	GlobalSection(ExtensibilityGlobals) = postSolution
		SolutionGuid = {7D737D89-78EF-4F05-8AF8-DA3BE5E1ABCB}
	EndGlobalSection
EndGlobal
