
Microsoft Visual Studio Solution File, Format Version 12.00
# Visual Studio Version 17
VisualStudioVersion = 17.13.35818.85 d17.13
MinimumVisualStudioVersion = 10.0.40219.1
Project("{FAE04EC0-301F-11D3-BF4B-00C04F79EFBC}") = "PokemonAPIapp", "PokemonAPIapp.csproj", "{11B6E680-5D4D-482B-96E2-5EF85014B21E}"
EndProject
Global
	GlobalSection(SolutionConfigurationPlatforms) = preSolution
		Debug|Any CPU = Debug|Any CPU
		Release|Any CPU = Release|Any CPU
	EndGlobalSection
	GlobalSection(ProjectConfigurationPlatforms) = postSolution
		{11B6E680-5D4D-482B-96E2-5EF85014B21E}.Debug|Any CPU.ActiveCfg = Debug|Any CPU
		{11B6E680-5D4D-482B-96E2-5EF85014B21E}.Debug|Any CPU.Build.0 = Debug|Any CPU
		{11B6E680-5D4D-482B-96E2-5EF85014B21E}.Release|Any CPU.ActiveCfg = Release|Any CPU
		{11B6E680-5D4D-482B-96E2-5EF85014B21E}.Release|Any CPU.Build.0 = Release|Any CPU
	EndGlobalSection
	GlobalSection(SolutionProperties) = preSolution
		HideSolutionNode = FALSE
	EndGlobalSection
	GlobalSection(ExtensibilityGlobals) = postSolution
		SolutionGuid = {6C519B2C-B4BC-4F91-8EC9-8BF0E3D69E47}
	EndGlobalSection
EndGlobal
